
Microsoft Visual Studio Solution File, Format Version 12.00
# Visual Studio Version 16
VisualStudioVersion = 25.0.1706.12
MinimumVisualStudioVersion = 10.0.40219.1
Project("{FAE04EC0-301F-11D3-BF4B-00C04F79EFBC}") = "EquipMe", "EquipMe\EquipMe\EquipMe.csproj", "{2BC4DE97-70BA-4A31-856F-E2CB0B2DCAD0}"
EndProject
Global
	GlobalSection(SolutionConfigurationPlatforms) = preSolution
		Debug|Any CPU = Debug|Any CPU
		Release|Any CPU = Release|Any CPU
	EndGlobalSection
	GlobalSection(ProjectConfigurationPlatforms) = postSolution
		{2BC4DE97-70BA-4A31-856F-E2CB0B2DCAD0}.Debug|Any CPU.ActiveCfg = Debug|Any CPU
		{2BC4DE97-70BA-4A31-856F-E2CB0B2DCAD0}.Debug|Any CPU.Build.0 = Debug|Any CPU
		{2BC4DE97-70BA-4A31-856F-E2CB0B2DCAD0}.Release|Any CPU.ActiveCfg = Release|Any CPU
		{2BC4DE97-70BA-4A31-856F-E2CB0B2DCAD0}.Release|Any CPU.Build.0 = Release|Any CPU
	EndGlobalSection
	GlobalSection(SolutionProperties) = preSolution
		HideSolutionNode = FALSE
	EndGlobalSection
	GlobalSection(ExtensibilityGlobals) = postSolution
		SolutionGuid = {A18E51D5-02A9-4F99-901C-C74933F902EC}
	EndGlobalSection
EndGlobal
